// !$*UTF8*$!
{
	archiveVersion = 1;
	classes = {
	};
	objectVersion = 46;
	objects = {

/* Begin PBXBuildFile section */
		CD1941C41511950B00E0205D /* Food.m in Sources */ = {isa = PBXBuildFile; fileRef = CD1941C31511950B00E0205D /* Food.m */; };
		CD60CAD115115F01000C89B7 /* foodDB.xcdatamodeld in Sources */ = {isa = PBXBuildFile; fileRef = CD60CACF15115F01000C89B7 /* foodDB.xcdatamodeld */; };
		CD60CAD4151161B4000C89B7 /* CoreData.framework in Frameworks */ = {isa = PBXBuildFile; fileRef = CD60CAD3151161B4000C89B7 /* CoreData.framework */; };
		CD60CAE3151170B9000C89B7 /* PantryViewController.m in Sources */ = {isa = PBXBuildFile; fileRef = CD60CAE2151170B9000C89B7 /* PantryViewController.m */; };
		CDD2A5251504178200FF5B03 /* UIKit.framework in Frameworks */ = {isa = PBXBuildFile; fileRef = CDD2A5241504178200FF5B03 /* UIKit.framework */; };
		CDD2A5271504178200FF5B03 /* Foundation.framework in Frameworks */ = {isa = PBXBuildFile; fileRef = CDD2A5261504178200FF5B03 /* Foundation.framework */; };
		CDD2A5291504178200FF5B03 /* CoreGraphics.framework in Frameworks */ = {isa = PBXBuildFile; fileRef = CDD2A5281504178200FF5B03 /* CoreGraphics.framework */; };
		CDD2A52F1504178200FF5B03 /* InfoPlist.strings in Resources */ = {isa = PBXBuildFile; fileRef = CDD2A52D1504178200FF5B03 /* InfoPlist.strings */; };
		CDD2A5311504178200FF5B03 /* main.m in Sources */ = {isa = PBXBuildFile; fileRef = CDD2A5301504178200FF5B03 /* main.m */; };
		CDD2A5351504178200FF5B03 /* AppDelegate.m in Sources */ = {isa = PBXBuildFile; fileRef = CDD2A5341504178200FF5B03 /* AppDelegate.m */; };
		CDD2A5381504178200FF5B03 /* MainStoryboard.storyboard in Resources */ = {isa = PBXBuildFile; fileRef = CDD2A5361504178200FF5B03 /* MainStoryboard.storyboard */; };
		CDD2A53B1504178200FF5B03 /* FirstViewController.m in Sources */ = {isa = PBXBuildFile; fileRef = CDD2A53A1504178200FF5B03 /* FirstViewController.m */; };
		CDD2A53D1504178200FF5B03 /* first.png in Resources */ = {isa = PBXBuildFile; fileRef = CDD2A53C1504178200FF5B03 /* first.png */; };
		CDD2A53F1504178200FF5B03 /* first@2x.png in Resources */ = {isa = PBXBuildFile; fileRef = CDD2A53E1504178200FF5B03 /* first@2x.png */; };
		CDD2A5421504178200FF5B03 /* SecondViewController.m in Sources */ = {isa = PBXBuildFile; fileRef = CDD2A5411504178200FF5B03 /* SecondViewController.m */; };
		CDD2A5441504178200FF5B03 /* second.png in Resources */ = {isa = PBXBuildFile; fileRef = CDD2A5431504178200FF5B03 /* second.png */; };
		CDD2A5461504178200FF5B03 /* second@2x.png in Resources */ = {isa = PBXBuildFile; fileRef = CDD2A5451504178200FF5B03 /* second@2x.png */; };
/* End PBXBuildFile section */

/* Begin PBXFileReference section */
		CD1941C21511950B00E0205D /* Food.h */ = {isa = PBXFileReference; fileEncoding = 4; lastKnownFileType = sourcecode.c.h; path = Food.h; sourceTree = "<group>"; };
		CD1941C31511950B00E0205D /* Food.m */ = {isa = PBXFileReference; fileEncoding = 4; lastKnownFileType = sourcecode.c.objc; path = Food.m; sourceTree = "<group>"; };
		CD60CAD015115F01000C89B7 /* foodDB.xcdatamodel */ = {isa = PBXFileReference; lastKnownFileType = wrapper.xcdatamodel; path = foodDB.xcdatamodel; sourceTree = "<group>"; };
		CD60CAD3151161B4000C89B7 /* CoreData.framework */ = {isa = PBXFileReference; lastKnownFileType = wrapper.framework; name = CoreData.framework; path = System/Library/Frameworks/CoreData.framework; sourceTree = SDKROOT; };
		CD60CAE1151170B9000C89B7 /* PantryViewController.h */ = {isa = PBXFileReference; fileEncoding = 4; lastKnownFileType = sourcecode.c.h; path = PantryViewController.h; sourceTree = "<group>"; };
		CD60CAE2151170B9000C89B7 /* PantryViewController.m */ = {isa = PBXFileReference; fileEncoding = 4; lastKnownFileType = sourcecode.c.objc; path = PantryViewController.m; sourceTree = "<group>"; };
		CDD2A5201504178200FF5B03 /* Virtual Fridge.app */ = {isa = PBXFileReference; explicitFileType = wrapper.application; includeInIndex = 0; path = "Virtual Fridge.app"; sourceTree = BUILT_PRODUCTS_DIR; };
		CDD2A5241504178200FF5B03 /* UIKit.framework */ = {isa = PBXFileReference; lastKnownFileType = wrapper.framework; name = UIKit.framework; path = System/Library/Frameworks/UIKit.framework; sourceTree = SDKROOT; };
		CDD2A5261504178200FF5B03 /* Foundation.framework */ = {isa = PBXFileReference; lastKnownFileType = wrapper.framework; name = Foundation.framework; path = System/Library/Frameworks/Foundation.framework; sourceTree = SDKROOT; };
		CDD2A5281504178200FF5B03 /* CoreGraphics.framework */ = {isa = PBXFileReference; lastKnownFileType = wrapper.framework; name = CoreGraphics.framework; path = System/Library/Frameworks/CoreGraphics.framework; sourceTree = SDKROOT; };
		CDD2A52C1504178200FF5B03 /* Virtual Fridge-Info.plist */ = {isa = PBXFileReference; lastKnownFileType = text.plist.xml; path = "Virtual Fridge-Info.plist"; sourceTree = "<group>"; };
		CDD2A52E1504178200FF5B03 /* en */ = {isa = PBXFileReference; lastKnownFileType = text.plist.strings; name = en; path = en.lproj/InfoPlist.strings; sourceTree = "<group>"; };
		CDD2A5301504178200FF5B03 /* main.m */ = {isa = PBXFileReference; lastKnownFileType = sourcecode.c.objc; path = main.m; sourceTree = "<group>"; };
		CDD2A5321504178200FF5B03 /* Virtual Fridge-Prefix.pch */ = {isa = PBXFileReference; lastKnownFileType = sourcecode.c.h; path = "Virtual Fridge-Prefix.pch"; sourceTree = "<group>"; };
		CDD2A5331504178200FF5B03 /* AppDelegate.h */ = {isa = PBXFileReference; lastKnownFileType = sourcecode.c.h; path = AppDelegate.h; sourceTree = "<group>"; };
		CDD2A5341504178200FF5B03 /* AppDelegate.m */ = {isa = PBXFileReference; lastKnownFileType = sourcecode.c.objc; path = AppDelegate.m; sourceTree = "<group>"; };
		CDD2A5371504178200FF5B03 /* en */ = {isa = PBXFileReference; lastKnownFileType = file.storyboard; name = en; path = en.lproj/MainStoryboard.storyboard; sourceTree = "<group>"; };
		CDD2A5391504178200FF5B03 /* FirstViewController.h */ = {isa = PBXFileReference; lastKnownFileType = sourcecode.c.h; path = FirstViewController.h; sourceTree = "<group>"; };
		CDD2A53A1504178200FF5B03 /* FirstViewController.m */ = {isa = PBXFileReference; lastKnownFileType = sourcecode.c.objc; path = FirstViewController.m; sourceTree = "<group>"; };
		CDD2A53C1504178200FF5B03 /* first.png */ = {isa = PBXFileReference; lastKnownFileType = image.png; path = first.png; sourceTree = "<group>"; };
		CDD2A53E1504178200FF5B03 /* first@2x.png */ = {isa = PBXFileReference; lastKnownFileType = image.png; path = "first@2x.png"; sourceTree = "<group>"; };
		CDD2A5401504178200FF5B03 /* SecondViewController.h */ = {isa = PBXFileReference; lastKnownFileType = sourcecode.c.h; path = SecondViewController.h; sourceTree = "<group>"; };
		CDD2A5411504178200FF5B03 /* SecondViewController.m */ = {isa = PBXFileReference; lastKnownFileType = sourcecode.c.objc; path = SecondViewController.m; sourceTree = "<group>"; };
		CDD2A5431504178200FF5B03 /* second.png */ = {isa = PBXFileReference; lastKnownFileType = image.png; path = second.png; sourceTree = "<group>"; };
		CDD2A5451504178200FF5B03 /* second@2x.png */ = {isa = PBXFileReference; lastKnownFileType = image.png; path = "second@2x.png"; sourceTree = "<group>"; };
/* End PBXFileReference section */

/* Begin PBXFrameworksBuildPhase section */
		CDD2A51D1504178200FF5B03 /* Frameworks */ = {
			isa = PBXFrameworksBuildPhase;
			buildActionMask = 2147483647;
			files = (
				CD60CAD4151161B4000C89B7 /* CoreData.framework in Frameworks */,
				CDD2A5251504178200FF5B03 /* UIKit.framework in Frameworks */,
				CDD2A5271504178200FF5B03 /* Foundation.framework in Frameworks */,
				CDD2A5291504178200FF5B03 /* CoreGraphics.framework in Frameworks */,
			);
			runOnlyForDeploymentPostprocessing = 0;
		};
/* End PBXFrameworksBuildPhase section */

/* Begin PBXGroup section */
		CDD2A5151504178100FF5B03 = {
			isa = PBXGroup;
			children = (
				CD60CAE1151170B9000C89B7 /* PantryViewController.h */,
				CD60CAE2151170B9000C89B7 /* PantryViewController.m */,
				CD60CAD3151161B4000C89B7 /* CoreData.framework */,
				CDD2A52A1504178200FF5B03 /* Virtual Fridge */,
				CDD2A5231504178200FF5B03 /* Frameworks */,
				CDD2A5211504178200FF5B03 /* Products */,
			);
			sourceTree = "<group>";
		};
		CDD2A5211504178200FF5B03 /* Products */ = {
			isa = PBXGroup;
			children = (
				CDD2A5201504178200FF5B03 /* Virtual Fridge.app */,
			);
			name = Products;
			sourceTree = "<group>";
		};
		CDD2A5231504178200FF5B03 /* Frameworks */ = {
			isa = PBXGroup;
			children = (
				CDD2A5241504178200FF5B03 /* UIKit.framework */,
				CDD2A5261504178200FF5B03 /* Foundation.framework */,
				CDD2A5281504178200FF5B03 /* CoreGraphics.framework */,
			);
			name = Frameworks;
			sourceTree = "<group>";
		};
		CDD2A52A1504178200FF5B03 /* Virtual Fridge */ = {
			isa = PBXGroup;
			children = (
				CDD2A5331504178200FF5B03 /* AppDelegate.h */,
				CDD2A5341504178200FF5B03 /* AppDelegate.m */,
				CDD2A5361504178200FF5B03 /* MainStoryboard.storyboard */,
				CD1941C21511950B00E0205D /* Food.h */,
				CD1941C31511950B00E0205D /* Food.m */,
				CD60CACF15115F01000C89B7 /* foodDB.xcdatamodeld */,
				CDD2A5391504178200FF5B03 /* FirstViewController.h */,
				CDD2A53A1504178200FF5B03 /* FirstViewController.m */,
				CDD2A53C1504178200FF5B03 /* first.png */,
				CDD2A53E1504178200FF5B03 /* first@2x.png */,
				CDD2A5401504178200FF5B03 /* SecondViewController.h */,
				CDD2A5411504178200FF5B03 /* SecondViewController.m */,
				CDD2A5431504178200FF5B03 /* second.png */,
				CDD2A5451504178200FF5B03 /* second@2x.png */,
				CDD2A52B1504178200FF5B03 /* Supporting Files */,
			);
			path = "Virtual Fridge";
			sourceTree = "<group>";
		};
		CDD2A52B1504178200FF5B03 /* Supporting Files */ = {
			isa = PBXGroup;
			children = (
				CDD2A52C1504178200FF5B03 /* Virtual Fridge-Info.plist */,
				CDD2A52D1504178200FF5B03 /* InfoPlist.strings */,
				CDD2A5301504178200FF5B03 /* main.m */,
				CDD2A5321504178200FF5B03 /* Virtual Fridge-Prefix.pch */,
			);
			name = "Supporting Files";
			sourceTree = "<group>";
		};
/* End PBXGroup section */

/* Begin PBXNativeTarget section */
		CDD2A51F1504178200FF5B03 /* Virtual Fridge */ = {
			isa = PBXNativeTarget;
			buildConfigurationList = CDD2A5491504178200FF5B03 /* Build configuration list for PBXNativeTarget "Virtual Fridge" */;
			buildPhases = (
				CDD2A51C1504178200FF5B03 /* Sources */,
				CDD2A51D1504178200FF5B03 /* Frameworks */,
				CDD2A51E1504178200FF5B03 /* Resources */,
			);
			buildRules = (
			);
			dependencies = (
			);
			name = "Virtual Fridge";
			productName = "Virtual Fridge";
			productReference = CDD2A5201504178200FF5B03 /* Virtual Fridge.app */;
			productType = "com.apple.product-type.application";
		};
/* End PBXNativeTarget section */

/* Begin PBXProject section */
		CDD2A5171504178100FF5B03 /* Project object */ = {
			isa = PBXProject;
			attributes = {
				LastUpgradeCheck = 0420;
			};
			buildConfigurationList = CDD2A51A1504178200FF5B03 /* Build configuration list for PBXProject "Virtual Fridge" */;
			compatibilityVersion = "Xcode 3.2";
			developmentRegion = English;
			hasScannedForEncodings = 0;
			knownRegions = (
				en,
			);
			mainGroup = CDD2A5151504178100FF5B03;
			productRefGroup = CDD2A5211504178200FF5B03 /* Products */;
			projectDirPath = "";
			projectRoot = "";
			targets = (
				CDD2A51F1504178200FF5B03 /* Virtual Fridge */,
			);
		};
/* End PBXProject section */

/* Begin PBXResourcesBuildPhase section */
		CDD2A51E1504178200FF5B03 /* Resources */ = {
			isa = PBXResourcesBuildPhase;
			buildActionMask = 2147483647;
			files = (
				CDD2A52F1504178200FF5B03 /* InfoPlist.strings in Resources */,
				CDD2A5381504178200FF5B03 /* MainStoryboard.storyboard in Resources */,
				CDD2A53D1504178200FF5B03 /* first.png in Resources */,
				CDD2A53F1504178200FF5B03 /* first@2x.png in Resources */,
				CDD2A5441504178200FF5B03 /* second.png in Resources */,
				CDD2A5461504178200FF5B03 /* second@2x.png in Resources */,
			);
			runOnlyForDeploymentPostprocessing = 0;
		};
/* End PBXResourcesBuildPhase section */

/* Begin PBXSourcesBuildPhase section */
		CDD2A51C1504178200FF5B03 /* Sources */ = {
			isa = PBXSourcesBuildPhase;
			buildActionMask = 2147483647;
			files = (
				CDD2A5311504178200FF5B03 /* main.m in Sources */,
				CDD2A5351504178200FF5B03 /* AppDelegate.m in Sources */,
				CDD2A53B1504178200FF5B03 /* FirstViewController.m in Sources */,
				CDD2A5421504178200FF5B03 /* SecondViewController.m in Sources */,
				CD60CAD115115F01000C89B7 /* foodDB.xcdatamodeld in Sources */,
				CD60CAE3151170B9000C89B7 /* PantryViewController.m in Sources */,
				CD1941C41511950B00E0205D /* Food.m in Sources */,
			);
			runOnlyForDeploymentPostprocessing = 0;
		};
/* End PBXSourcesBuildPhase section */

/* Begin PBXVariantGroup section */
		CDD2A52D1504178200FF5B03 /* InfoPlist.strings */ = {
			isa = PBXVariantGroup;
			children = (
				CDD2A52E1504178200FF5B03 /* en */,
			);
			name = InfoPlist.strings;
			sourceTree = "<group>";
		};
		CDD2A5361504178200FF5B03 /* MainStoryboard.storyboard */ = {
			isa = PBXVariantGroup;
			children = (
				CDD2A5371504178200FF5B03 /* en */,
			);
			name = MainStoryboard.storyboard;
			sourceTree = "<group>";
		};
/* End PBXVariantGroup section */

/* Begin XCBuildConfiguration section */
		CDD2A5471504178200FF5B03 /* Debug */ = {
			isa = XCBuildConfiguration;
			buildSettings = {
				ALWAYS_SEARCH_USER_PATHS = NO;
				ARCHS = "$(ARCHS_STANDARD_32_BIT)";
				CLANG_ENABLE_OBJC_ARC = YES;
				"CODE_SIGN_IDENTITY[sdk=iphoneos*]" = "iPhone Developer";
				COPY_PHASE_STRIP = NO;
				GCC_C_LANGUAGE_STANDARD = gnu99;
				GCC_DYNAMIC_NO_PIC = NO;
				GCC_OPTIMIZATION_LEVEL = 0;
				GCC_PREPROCESSOR_DEFINITIONS = (
					"DEBUG=1",
					"$(inherited)",
				);
				GCC_SYMBOLS_PRIVATE_EXTERN = NO;
				GCC_VERSION = com.apple.compilers.llvm.clang.1_0;
				GCC_WARN_ABOUT_MISSING_PROTOTYPES = YES;
				GCC_WARN_ABOUT_RETURN_TYPE = YES;
				GCC_WARN_UNUSED_VARIABLE = YES;
				IPHONEOS_DEPLOYMENT_TARGET = 5.0;
				SDKROOT = iphoneos;
			};
			name = Debug;
		};
		CDD2A5481504178200FF5B03 /* Release */ = {
			isa = XCBuildConfiguration;
			buildSettings = {
				ALWAYS_SEARCH_USER_PATHS = NO;
				ARCHS = "$(ARCHS_STANDARD_32_BIT)";
				CLANG_ENABLE_OBJC_ARC = YES;
				"CODE_SIGN_IDENTITY[sdk=iphoneos*]" = "iPhone Developer";
				COPY_PHASE_STRIP = YES;
				GCC_C_LANGUAGE_STANDARD = gnu99;
				GCC_VERSION = com.apple.compilers.llvm.clang.1_0;
				GCC_WARN_ABOUT_MISSING_PROTOTYPES = YES;
				GCC_WARN_ABOUT_RETURN_TYPE = YES;
				GCC_WARN_UNUSED_VARIABLE = YES;
				IPHONEOS_DEPLOYMENT_TARGET = 5.0;
				OTHER_CFLAGS = "-DNS_BLOCK_ASSERTIONS=1";
				SDKROOT = iphoneos;
				VALIDATE_PRODUCT = YES;
			};
			name = Release;
		};
		CDD2A54A1504178200FF5B03 /* Debug */ = {
			isa = XCBuildConfiguration;
			buildSettings = {
				GCC_PRECOMPILE_PREFIX_HEADER = YES;
				GCC_PREFIX_HEADER = "Virtual Fridge/Virtual Fridge-Prefix.pch";
				INFOPLIST_FILE = "Virtual Fridge/Virtual Fridge-Info.plist";
				PRODUCT_NAME = "$(TARGET_NAME)";
				WRAPPER_EXTENSION = app;
			};
			name = Debug;
		};
		CDD2A54B1504178200FF5B03 /* Release */ = {
			isa = XCBuildConfiguration;
			buildSettings = {
				GCC_PRECOMPILE_PREFIX_HEADER = YES;
				GCC_PREFIX_HEADER = "Virtual Fridge/Virtual Fridge-Prefix.pch";
				INFOPLIST_FILE = "Virtual Fridge/Virtual Fridge-Info.plist";
				PRODUCT_NAME = "$(TARGET_NAME)";
				WRAPPER_EXTENSION = app;
			};
			name = Release;
		};
/* End XCBuildConfiguration section */

/* Begin XCConfigurationList section */
		CDD2A51A1504178200FF5B03 /* Build configuration list for PBXProject "Virtual Fridge" */ = {
			isa = XCConfigurationList;
			buildConfigurations = (
				CDD2A5471504178200FF5B03 /* Debug */,
				CDD2A5481504178200FF5B03 /* Release */,
			);
			defaultConfigurationIsVisible = 0;
			defaultConfigurationName = Release;
		};
		CDD2A5491504178200FF5B03 /* Build configuration list for PBXNativeTarget "Virtual Fridge" */ = {
			isa = XCConfigurationList;
			buildConfigurations = (
				CDD2A54A1504178200FF5B03 /* Debug */,
				CDD2A54B1504178200FF5B03 /* Release */,
			);
			defaultConfigurationIsVisible = 0;
			defaultConfigurationName = Release;
		};
/* End XCConfigurationList section */

/* Begin XCVersionGroup section */
		CD60CACF15115F01000C89B7 /* foodDB.xcdatamodeld */ = {
			isa = XCVersionGroup;
			children = (
				CD60CAD015115F01000C89B7 /* foodDB.xcdatamodel */,
			);
			currentVersion = CD60CAD015115F01000C89B7 /* foodDB.xcdatamodel */;
			path = foodDB.xcdatamodeld;
			sourceTree = "<group>";
			versionGroupType = wrapper.xcdatamodel;
		};
/* End XCVersionGroup section */
	};
	rootObject = CDD2A5171504178100FF5B03 /* Project object */;
}
